
Microsoft Visual Studio Solution File, Format Version 12.00
# Visual Studio Version 17
VisualStudioVersion = 17.14.37027.9 d17.14
MinimumVisualStudioVersion = 10.0.40219.1
Project("{FAE04EC0-301F-11D3-BF4B-00C04F79EFBC}") = "SistemaConcurrente", "SistemaConcurrente.csproj", "{84314468-58C7-4E45-BD2C-C1D2BA80081B}"
EndProject
Global
	GlobalSection(SolutionConfigurationPlatforms) = preSolution
		Debug|Any CPU = Debug|Any CPU
		Release|Any CPU = Release|Any CPU
	EndGlobalSection
	GlobalSection(ProjectConfigurationPlatforms) = postSolution
		{84314468-58C7-4E45-BD2C-C1D2BA80081B}.Debug|Any CPU.ActiveCfg = Debug|Any CPU
		{84314468-58C7-4E45-BD2C-C1D2BA80081B}.Debug|Any CPU.Build.0 = Debug|Any CPU
		{84314468-58C7-4E45-BD2C-C1D2BA80081B}.Release|Any CPU.ActiveCfg = Release|Any CPU
		{84314468-58C7-4E45-BD2C-C1D2BA80081B}.Release|Any CPU.Build.0 = Release|Any CPU
	EndGlobalSection
	GlobalSection(SolutionProperties) = preSolution
		HideSolutionNode = FALSE
	EndGlobalSection
	GlobalSection(ExtensibilityGlobals) = postSolution
		SolutionGuid = {CA767E87-F263-4BCC-941D-1FFB3DE74174}
	EndGlobalSection
EndGlobal
